PODS:
  - Flutter (1.0.0)
  - LFLiveKit (2.6)

DEPENDENCIES:
  - Flutter (from `Flutter`)
  - LFLiveKit

SPEC REPOS:
  trunk:
    - LFLiveKit

EXTERNAL SOURCES:
  Flutter:
    :path: Flutter

SPEC CHECKSUMS:
  Flutter: 0e3d915762c693b495b44d77113d4970485de6ec
  LFLiveKit: 2219563721f8aa0f188effc3395a06e2d53b23f2

PODFILE CHECKSUM: 5fbdc8b38cc9ef20d738b6ad94da9eb2f5aaedf3

COCOAPODS: 1.8.4
